
Microsoft Visual Studio Solution File, Format Version 12.00
# Visual Studio Version 17
VisualStudioVersion = 17.10.35013.160
MinimumVisualStudioVersion = 10.0.40219.1
Project("{FAE04EC0-301F-11D3-BF4B-00C04F79EFBC}") = "AutoTranslation", "AutoTranslation.csproj", "{74803000-0D56-40EB-ACCB-B0A0A6674497}"
EndProject
Global
	GlobalSection(SolutionConfigurationPlatforms) = preSolution
		Debug|Any CPU = Debug|Any CPU
		Release|Any CPU = Release|Any CPU
	EndGlobalSection
	GlobalSection(ProjectConfigurationPlatforms) = postSolution
		{74803000-0D56-40EB-ACCB-B0A0A6674497}.Debug|Any CPU.ActiveCfg = Debug|Any CPU
		{74803000-0D56-40EB-ACCB-B0A0A6674497}.Debug|Any CPU.Build.0 = Debug|Any CPU
		{74803000-0D56-40EB-ACCB-B0A0A6674497}.Release|Any CPU.ActiveCfg = Release|Any CPU
		{74803000-0D56-40EB-ACCB-B0A0A6674497}.Release|Any CPU.Build.0 = Release|Any CPU
	EndGlobalSection
	GlobalSection(SolutionProperties) = preSolution
		HideSolutionNode = FALSE
	EndGlobalSection
	GlobalSection(ExtensibilityGlobals) = postSolution
		SolutionGuid = {E523E31F-94A8-46F4-8B4A-47FA42ECE741}
	EndGlobalSection
EndGlobal
